
Microsoft Visual Studio Solution File, Format Version 12.00
# Visual Studio Version 16
VisualStudioVersion = 16.0.31105.61
MinimumVisualStudioVersion = 10.0.40219.1
Project("{FAE04EC0-301F-11D3-BF4B-00C04F79EFBC}") = "TestWPFCI2", "TestWPFCI2\TestWPFCI2.csproj", "{FE3722B3-877B-4359-8D4E-5D85E7634F80}"
EndProject
Project("{C7167F0D-BC9F-4E6E-AFE1-012C56B48DB5}") = "TestWPFCI2.Installer", "TestWPFCI2.Installer\TestWPFCI2.Installer.wapproj", "{E3FE6038-1D86-4DB1-BA4B-6EEFA03BBE84}"
	ProjectSection(ProjectDependencies) = postProject
		{FE3722B3-877B-4359-8D4E-5D85E7634F80} = {FE3722B3-877B-4359-8D4E-5D85E7634F80}
	EndProjectSection
EndProject
Project("{2150E333-8FDC-42A3-9474-1A3956D46DE8}") = "Solution Items", "Solution Items", "{292EE2FC-3608-4C62-B22E-095240BC014F}"
	ProjectSection(SolutionItems) = preProject
		.github\workflows\dotnet-desktop.yml = .github\workflows\dotnet-desktop.yml
	EndProjectSection
EndProject
Global
	GlobalSection(SolutionConfigurationPlatforms) = preSolution
		Debug|Any CPU = Debug|Any CPU
		Debug|ARM = Debug|ARM
		Debug|ARM64 = Debug|ARM64
		Debug|x64 = Debug|x64
		Debug|x86 = Debug|x86
		Release|Any CPU = Release|Any CPU
		Release|ARM = Release|ARM
		Release|ARM64 = Release|ARM64
		Release|x64 = Release|x64
		Release|x86 = Release|x86
	EndGlobalSection
	GlobalSection(ProjectConfigurationPlatforms) = postSolution
		{FE3722B3-877B-4359-8D4E-5D85E7634F80}.Debug|Any CPU.ActiveCfg = Debug|Any CPU
		{FE3722B3-877B-4359-8D4E-5D85E7634F80}.Debug|Any CPU.Build.0 = Debug|Any CPU
		{FE3722B3-877B-4359-8D4E-5D85E7634F80}.Debug|ARM.ActiveCfg = Debug|Any CPU
		{FE3722B3-877B-4359-8D4E-5D85E7634F80}.Debug|ARM.Build.0 = Debug|Any CPU
		{FE3722B3-877B-4359-8D4E-5D85E7634F80}.Debug|ARM64.ActiveCfg = Debug|Any CPU
		{FE3722B3-877B-4359-8D4E-5D85E7634F80}.Debug|ARM64.Build.0 = Debug|Any CPU
		{FE3722B3-877B-4359-8D4E-5D85E7634F80}.Debug|x64.ActiveCfg = Debug|x64
		{FE3722B3-877B-4359-8D4E-5D85E7634F80}.Debug|x64.Build.0 = Debug|x64
		{FE3722B3-877B-4359-8D4E-5D85E7634F80}.Debug|x86.ActiveCfg = Debug|x86
		{FE3722B3-877B-4359-8D4E-5D85E7634F80}.Debug|x86.Build.0 = Debug|x86
		{FE3722B3-877B-4359-8D4E-5D85E7634F80}.Release|Any CPU.ActiveCfg = Release|Any CPU
		{FE3722B3-877B-4359-8D4E-5D85E7634F80}.Release|Any CPU.Build.0 = Release|Any CPU
		{FE3722B3-877B-4359-8D4E-5D85E7634F80}.Release|ARM.ActiveCfg = Release|Any CPU
		{FE3722B3-877B-4359-8D4E-5D85E7634F80}.Release|ARM.Build.0 = Release|Any CPU
		{FE3722B3-877B-4359-8D4E-5D85E7634F80}.Release|ARM64.ActiveCfg = Release|Any CPU
		{FE3722B3-877B-4359-8D4E-5D85E7634F80}.Release|ARM64.Build.0 = Release|Any CPU
		{FE3722B3-877B-4359-8D4E-5D85E7634F80}.Release|x64.ActiveCfg = Release|Any CPU
		{FE3722B3-877B-4359-8D4E-5D85E7634F80}.Release|x64.Build.0 = Release|Any CPU
		{FE3722B3-877B-4359-8D4E-5D85E7634F80}.Release|x86.ActiveCfg = Release|Any CPU
		{FE3722B3-877B-4359-8D4E-5D85E7634F80}.Release|x86.Build.0 = Release|Any CPU
		{E3FE6038-1D86-4DB1-BA4B-6EEFA03BBE84}.Debug|Any CPU.ActiveCfg = Debug|Any CPU
		{E3FE6038-1D86-4DB1-BA4B-6EEFA03BBE84}.Debug|Any CPU.Build.0 = Debug|Any CPU
		{E3FE6038-1D86-4DB1-BA4B-6EEFA03BBE84}.Debug|Any CPU.Deploy.0 = Debug|Any CPU
		{E3FE6038-1D86-4DB1-BA4B-6EEFA03BBE84}.Debug|ARM.ActiveCfg = Debug|ARM
		{E3FE6038-1D86-4DB1-BA4B-6EEFA03BBE84}.Debug|ARM.Build.0 = Debug|ARM
		{E3FE6038-1D86-4DB1-BA4B-6EEFA03BBE84}.Debug|ARM.Deploy.0 = Debug|ARM
		{E3FE6038-1D86-4DB1-BA4B-6EEFA03BBE84}.Debug|ARM64.ActiveCfg = Debug|ARM64
		{E3FE6038-1D86-4DB1-BA4B-6EEFA03BBE84}.Debug|ARM64.Build.0 = Debug|ARM64
		{E3FE6038-1D86-4DB1-BA4B-6EEFA03BBE84}.Debug|ARM64.Deploy.0 = Debug|ARM64
		{E3FE6038-1D86-4DB1-BA4B-6EEFA03BBE84}.Debug|x64.ActiveCfg = Debug|x64
		{E3FE6038-1D86-4DB1-BA4B-6EEFA03BBE84}.Debug|x64.Build.0 = Debug|x64
		{E3FE6038-1D86-4DB1-BA4B-6EEFA03BBE84}.Debug|x64.Deploy.0 = Debug|x64
		{E3FE6038-1D86-4DB1-BA4B-6EEFA03BBE84}.Debug|x86.ActiveCfg = Debug|x86
		{E3FE6038-1D86-4DB1-BA4B-6EEFA03BBE84}.Debug|x86.Build.0 = Debug|x86
		{E3FE6038-1D86-4DB1-BA4B-6EEFA03BBE84}.Debug|x86.Deploy.0 = Debug|x86
		{E3FE6038-1D86-4DB1-BA4B-6EEFA03BBE84}.Release|Any CPU.ActiveCfg = Release|Any CPU
		{E3FE6038-1D86-4DB1-BA4B-6EEFA03BBE84}.Release|Any CPU.Build.0 = Release|Any CPU
		{E3FE6038-1D86-4DB1-BA4B-6EEFA03BBE84}.Release|Any CPU.Deploy.0 = Release|Any CPU
		{E3FE6038-1D86-4DB1-BA4B-6EEFA03BBE84}.Release|ARM.ActiveCfg = Release|ARM
		{E3FE6038-1D86-4DB1-BA4B-6EEFA03BBE84}.Release|ARM.Build.0 = Release|ARM
		{E3FE6038-1D86-4DB1-BA4B-6EEFA03BBE84}.Release|ARM.Deploy.0 = Release|ARM
		{E3FE6038-1D86-4DB1-BA4B-6EEFA03BBE84}.Release|ARM64.ActiveCfg = Release|ARM64
		{E3FE6038-1D86-4DB1-BA4B-6EEFA03BBE84}.Release|ARM64.Build.0 = Release|ARM64
		{E3FE6038-1D86-4DB1-BA4B-6EEFA03BBE84}.Release|ARM64.Deploy.0 = Release|ARM64
		{E3FE6038-1D86-4DB1-BA4B-6EEFA03BBE84}.Release|x64.ActiveCfg = Release|x64
		{E3FE6038-1D86-4DB1-BA4B-6EEFA03BBE84}.Release|x64.Build.0 = Release|x64
		{E3FE6038-1D86-4DB1-BA4B-6EEFA03BBE84}.Release|x64.Deploy.0 = Release|x64
		{E3FE6038-1D86-4DB1-BA4B-6EEFA03BBE84}.Release|x86.ActiveCfg = Release|x86
		{E3FE6038-1D86-4DB1-BA4B-6EEFA03BBE84}.Release|x86.Build.0 = Release|x86
		{E3FE6038-1D86-4DB1-BA4B-6EEFA03BBE84}.Release|x86.Deploy.0 = Release|x86
	EndGlobalSection
	GlobalSection(SolutionProperties) = preSolution
		HideSolutionNode = FALSE
	EndGlobalSection
	GlobalSection(ExtensibilityGlobals) = postSolution
		SolutionGuid = {525C0BD8-8418-4400-BD10-18B6DAA10D71}
	EndGlobalSection
EndGlobal
